
Microsoft Visual Studio Solution File, Format Version 12.00
# Visual Studio Version 17
VisualStudioVersion = 17.2.32526.322
MinimumVisualStudioVersion = 10.0.40219.1
Project("{FAE04EC0-301F-11D3-BF4B-00C04F79EFBC}") = "AssignmentsBeta", "AssignmentsBeta\AssignmentsBeta.csproj", "{78A7DF17-8333-47AD-B2A0-8A0E4F308300}"
EndProject
Global
	GlobalSection(SolutionConfigurationPlatforms) = preSolution
		Debug|Any CPU = Debug|Any CPU
		Release|Any CPU = Release|Any CPU
	EndGlobalSection
	GlobalSection(ProjectConfigurationPlatforms) = postSolution
		{78A7DF17-8333-47AD-B2A0-8A0E4F308300}.Debug|Any CPU.ActiveCfg = Debug|Any CPU
		{78A7DF17-8333-47AD-B2A0-8A0E4F308300}.Debug|Any CPU.Build.0 = Debug|Any CPU
		{78A7DF17-8333-47AD-B2A0-8A0E4F308300}.Release|Any CPU.ActiveCfg = Release|Any CPU
		{78A7DF17-8333-47AD-B2A0-8A0E4F308300}.Release|Any CPU.Build.0 = Release|Any CPU
	EndGlobalSection
	GlobalSection(SolutionProperties) = preSolution
		HideSolutionNode = FALSE
	EndGlobalSection
	GlobalSection(ExtensibilityGlobals) = postSolution
		SolutionGuid = {6C85DF64-6B4B-491B-A600-B1980078788F}
	EndGlobalSection
EndGlobal
